
Microsoft Visual Studio Solution File, Format Version 12.00
# Visual Studio 15
VisualStudioVersion = 15.0.26124.0
MinimumVisualStudioVersion = 15.0.26124.0
Project("{FAE04EC0-301F-11D3-BF4B-00C04F79EFBC}") = "ProAgil.API", "ProAgil.API\ProAgil.API.csproj", "{F0A1B7FE-3AC0-41A5-AABF-F19F103DECF5}"
EndProject
Project("{FAE04EC0-301F-11D3-BF4B-00C04F79EFBC}") = "ProAgil.Repository", "ProAgil.Repository\ProAgil.Repository.csproj", "{7625A912-C0F2-441F-B07D-A07A3BABBB36}"
EndProject
Project("{FAE04EC0-301F-11D3-BF4B-00C04F79EFBC}") = "ProAgil.Domain", "ProAgil.Domain\ProAgil.Domain.csproj", "{7A178477-192F-416E-929C-4DB1D75DB3FA}"
EndProject
Global
	GlobalSection(SolutionConfigurationPlatforms) = preSolution
		Debug|Any CPU = Debug|Any CPU
		Debug|x64 = Debug|x64
		Debug|x86 = Debug|x86
		Release|Any CPU = Release|Any CPU
		Release|x64 = Release|x64
		Release|x86 = Release|x86
	EndGlobalSection
	GlobalSection(SolutionProperties) = preSolution
		HideSolutionNode = FALSE
	EndGlobalSection
	GlobalSection(ProjectConfigurationPlatforms) = postSolution
		{F0A1B7FE-3AC0-41A5-AABF-F19F103DECF5}.Debug|Any CPU.ActiveCfg = Debug|Any CPU
		{F0A1B7FE-3AC0-41A5-AABF-F19F103DECF5}.Debug|Any CPU.Build.0 = Debug|Any CPU
		{F0A1B7FE-3AC0-41A5-AABF-F19F103DECF5}.Debug|x64.ActiveCfg = Debug|Any CPU
		{F0A1B7FE-3AC0-41A5-AABF-F19F103DECF5}.Debug|x64.Build.0 = Debug|Any CPU
		{F0A1B7FE-3AC0-41A5-AABF-F19F103DECF5}.Debug|x86.ActiveCfg = Debug|Any CPU
		{F0A1B7FE-3AC0-41A5-AABF-F19F103DECF5}.Debug|x86.Build.0 = Debug|Any CPU
		{F0A1B7FE-3AC0-41A5-AABF-F19F103DECF5}.Release|Any CPU.ActiveCfg = Release|Any CPU
		{F0A1B7FE-3AC0-41A5-AABF-F19F103DECF5}.Release|Any CPU.Build.0 = Release|Any CPU
		{F0A1B7FE-3AC0-41A5-AABF-F19F103DECF5}.Release|x64.ActiveCfg = Release|Any CPU
		{F0A1B7FE-3AC0-41A5-AABF-F19F103DECF5}.Release|x64.Build.0 = Release|Any CPU
		{F0A1B7FE-3AC0-41A5-AABF-F19F103DECF5}.Release|x86.ActiveCfg = Release|Any CPU
		{F0A1B7FE-3AC0-41A5-AABF-F19F103DECF5}.Release|x86.Build.0 = Release|Any CPU
		{7625A912-C0F2-441F-B07D-A07A3BABBB36}.Debug|Any CPU.ActiveCfg = Debug|Any CPU
		{7625A912-C0F2-441F-B07D-A07A3BABBB36}.Debug|Any CPU.Build.0 = Debug|Any CPU
		{7625A912-C0F2-441F-B07D-A07A3BABBB36}.Debug|x64.ActiveCfg = Debug|Any CPU
		{7625A912-C0F2-441F-B07D-A07A3BABBB36}.Debug|x64.Build.0 = Debug|Any CPU
		{7625A912-C0F2-441F-B07D-A07A3BABBB36}.Debug|x86.ActiveCfg = Debug|Any CPU
		{7625A912-C0F2-441F-B07D-A07A3BABBB36}.Debug|x86.Build.0 = Debug|Any CPU
		{7625A912-C0F2-441F-B07D-A07A3BABBB36}.Release|Any CPU.ActiveCfg = Release|Any CPU
		{7625A912-C0F2-441F-B07D-A07A3BABBB36}.Release|Any CPU.Build.0 = Release|Any CPU
		{7625A912-C0F2-441F-B07D-A07A3BABBB36}.Release|x64.ActiveCfg = Release|Any CPU
		{7625A912-C0F2-441F-B07D-A07A3BABBB36}.Release|x64.Build.0 = Release|Any CPU
		{7625A912-C0F2-441F-B07D-A07A3BABBB36}.Release|x86.ActiveCfg = Release|Any CPU
		{7625A912-C0F2-441F-B07D-A07A3BABBB36}.Release|x86.Build.0 = Release|Any CPU
		{7A178477-192F-416E-929C-4DB1D75DB3FA}.Debug|Any CPU.ActiveCfg = Debug|Any CPU
		{7A178477-192F-416E-929C-4DB1D75DB3FA}.Debug|Any CPU.Build.0 = Debug|Any CPU
		{7A178477-192F-416E-929C-4DB1D75DB3FA}.Debug|x64.ActiveCfg = Debug|Any CPU
		{7A178477-192F-416E-929C-4DB1D75DB3FA}.Debug|x64.Build.0 = Debug|Any CPU
		{7A178477-192F-416E-929C-4DB1D75DB3FA}.Debug|x86.ActiveCfg = Debug|Any CPU
		{7A178477-192F-416E-929C-4DB1D75DB3FA}.Debug|x86.Build.0 = Debug|Any CPU
		{7A178477-192F-416E-929C-4DB1D75DB3FA}.Release|Any CPU.ActiveCfg = Release|Any CPU
		{7A178477-192F-416E-929C-4DB1D75DB3FA}.Release|Any CPU.Build.0 = Release|Any CPU
		{7A178477-192F-416E-929C-4DB1D75DB3FA}.Release|x64.ActiveCfg = Release|Any CPU
		{7A178477-192F-416E-929C-4DB1D75DB3FA}.Release|x64.Build.0 = Release|Any CPU
		{7A178477-192F-416E-929C-4DB1D75DB3FA}.Release|x86.ActiveCfg = Release|Any CPU
		{7A178477-192F-416E-929C-4DB1D75DB3FA}.Release|x86.Build.0 = Release|Any CPU
	EndGlobalSection
EndGlobal
